{
    "_meta": {
        "hash": {
            "sha256": "fd5a53598b209d0da22af1c2f1195abf92d25cf10024625a2fc3d41e2b4eeede"
        },
        "pipfile-spec": 6,
        "requires": {
            "python_version": "3.8"
        },
        "sources": [
            {
                "name": "pypi",
                "url": "https://pypi.org/simple",
                "verify_ssl": true
            }
        ]
    },
    "default": {
        "joblib": {
            "hashes": [
                "sha256:61e49189c84b3c5d99a969d314853f4d1d263316cc694bec17548ebaa9c47b6e",
                "sha256:6825784ffda353cc8a1be573118085789e5b5d29401856b35b756645ab5aecb5"
            ],
            "index": "pypi",
            "version": "==0.15.1"
        },
        "numpy": {
            "hashes": [
                "sha256:0cfe07133fd00b27edee5e6385e333e9eeb010607e8a46e1cd673f05f8596595",
                "sha256:11a1f3816ea82eed4178102c56281782690ab5993251fdfd75039aad4d20385f",
                "sha256:2762331de395739c91f1abb88041f94a080cb1143aeec791b3b223976228af3f",
                "sha256:283d9de87c0133ef98f93dfc09fad3fb382f2a15580de75c02b5bb36a5a159a5",
                "sha256:3d22662b4b10112c545c91a0741f2436f8ca979ab3d69d03d19322aa970f9695",
                "sha256:41388e32e40b41dd56eb37fcaa7488b2b47b0adf77c66154d6b89622c110dfe9",
                "sha256:42c16cec1c8cf2728f1d539bd55aaa9d6bb48a7de2f41eb944697293ef65a559",
                "sha256:47ee7a839f5885bc0c63a74aabb91f6f40d7d7b639253768c4199b37aede7982",
                "sha256:5a311ee4d983c487a0ab546708edbdd759393a3dc9cd30305170149fedd23c88",
                "sha256:5dc65644f75a4c2970f21394ad8bea1a844104f0fe01f278631be1c7eae27226",
                "sha256:6ed0d073a9c54ac40c41a9c2d53fcc3d4d4ed607670b9e7b0de1ba13b4cbfe6f",
                "sha256:76ba7c40e80f9dc815c5e896330700fd6e20814e69da9c1267d65a4d051080f1",
                "sha256:818b9be7900e8dc23e013a92779135623476f44a0de58b40c32a15368c01d471",
                "sha256:a024181d7aef0004d76fb3bce2a4c9f2e67a609a9e2a6ff2571d30e9976aa383",
                "sha256:a955e4128ac36797aaffd49ab44ec74a71c11d6938df83b1285492d277db5397",
                "sha256:a97a954a8c2f046d3817c2bce16e3c7e9a9c2afffaf0400f5c16df5172a67c9c",
                "sha256:a97e82c39d9856fe7d4f9b86d8a1e66eff99cf3a8b7ba48202f659703d27c46f",
                "sha256:b55b953a1bdb465f4dc181758570d321db4ac23005f90ffd2b434cc6609a63dd",
                "sha256:bb02929b0d6bfab4c48a79bd805bd7419114606947ec8284476167415171f55b",
                "sha256:bece0a4a49e60e472a6d1f70ac6cdea00f9ab80ff01132f96bd970cdd8a9e5a9",
                "sha256:e41e8951749c4b5c9a2dc5fdbc1a4eec6ab2a140fdae9b460b0f557eed870f4d",
                "sha256:f71d57cc8645f14816ae249407d309be250ad8de93ef61d9709b45a0ddf4050c"
            ],
            "index": "pypi",
            "version": "==1.22.0"
        },
        "pandas": {
            "hashes": [
                "sha256:02f1e8f71cd994ed7fcb9a35b6ddddeb4314822a0e09a9c5b2d278f8cb5d4096",
                "sha256:13f75fb18486759da3ff40f5345d9dd20e7d78f2a39c5884d013456cec9876f0",
                "sha256:35b670b0abcfed7cad76f2834041dcf7ae47fd9b22b63622d67cdc933d79f453",
                "sha256:4c73f373b0800eb3062ffd13d4a7a2a6d522792fa6eb204d67a4fad0a40f03dc",
                "sha256:5759edf0b686b6f25a5d4a447ea588983a33afc8a0081a0954184a4a87fd0dd7",
                "sha256:5a7cf6044467c1356b2b49ef69e50bf4d231e773c3ca0558807cdba56b76820b",
                "sha256:69c5d920a0b2a9838e677f78f4dde506b95ea8e4d30da25859db6469ded84fa8",
                "sha256:8778a5cc5a8437a561e3276b85367412e10ae9fff07db1eed986e427d9a674f8",
                "sha256:9871ef5ee17f388f1cb35f76dc6106d40cb8165c562d573470672f4cdefa59ef",
                "sha256:9c31d52f1a7dd2bb4681d9f62646c7aa554f19e8e9addc17e8b1b20011d7522d",
                "sha256:ab8173a8efe5418bbe50e43f321994ac6673afc5c7c4839014cf6401bbdd0705",
                "sha256:ae961f1f0e270f1e4e2273f6a539b2ea33248e0e3a11ffb479d757918a5e03a9",
                "sha256:b3c4f93fcb6e97d993bf87cdd917883b7dab7d20c627699f360a8fb49e9e0b91",
                "sha256:c9410ce8a3dee77653bc0684cfa1535a7f9c291663bd7ad79e39f5ab58f67ab3",
                "sha256:f69e0f7b7c09f1f612b1f8f59e2df72faa8a6b41c5a436dde5b615aaf948f107",
                "sha256:faa42a78d1350b02a7d2f0dbe3c80791cf785663d6997891549d0f86dc49125e"
            ],
            "index": "pypi",
            "version": "==1.0.5"
        },
        "python-dateutil": {
            "hashes": [
                "sha256:0123cacc1627ae19ddf3c27a5de5bd67ee4586fbdd6440d9748f8abb483d3e86",
                "sha256:961d03dc3453ebbc59dbdea9e4e11c5651520a876d0f4db161e8674aae935da9"
            ],
            "markers": "python_version >= '2.7' and python_version not in '3.0, 3.1, 3.2, 3.3'",
            "version": "==2.8.2"
        },
        "pytz": {
            "hashes": [
                "sha256:220f481bdafa09c3955dfbdddb7b57780e9a94f5127e35456a48589b9e0c0197",
                "sha256:cea221417204f2d1a2aa03ddae3e867921971d0d76f14d87abb4414415bbdcf5"
            ],
            "version": "==2022.2.1"
        },
        "scikit-learn": {
            "hashes": [
                "sha256:02f502b9ba70b4ffbcf8cfe89670eec91f2aaeacf06eed4d5deb26f29003bfd7",
                "sha256:0ee93f35416b3bd454746cbc465f0aa093c7e7a1e2a2c3b01fdfddc8554977fd",
                "sha256:22ad50d5f723d31c800668257fd5fa57b192efc7e6e14c22fcfac05b448861b3",
                "sha256:25072aacd7b48a7db49e7a47161c87307a68ed514735b9acdd005e5e6ca16644",
                "sha256:2c753a0183be9c1c1e95429ac1e31dcaeb02076b9ae50123af14c89684d59edb",
                "sha256:3a12a580e841e22e65c4b70a622c4d34338cf081689a27e03f169567effbe2ec",
                "sha256:4d04373c4bb1b97c786cd7fee92db63204699198e2e5b3744da287a825ec8fe8",
                "sha256:511e267853803ebf56333604be7b6ead373fa7c2314930a1fd7ad003b6347c04",
                "sha256:5c36671023d50eda1eb369eedc3989852248ac2ec11dcffb7d41d0412761f272",
                "sha256:639a53df6273acc6a7510fb0c658b94e0c70bb13dafff9d14932c981ff9baff4",
                "sha256:92d318c39ca5c3e193c6a4cb22df095a690ccf84dd83d9bede2e263e94bc5023",
                "sha256:9af0670cc1f9beb141b245bda3b73444d28d08bc0d4295b942ee8c49c7216686",
                "sha256:b25d8c6ff7e3fd1eb9d54b2159b8bd6adb2f0d625e0fe0e5418a5af37b1e9f22",
                "sha256:bb3ca700c3d89151424cc62d9149a59ed7b9b627ef5223e022b45b5d30938dd1",
                "sha256:f124dfd6a105673c783ff7e259ceab890dffcdb05ecd3f44783dda5b75efa863",
                "sha256:fa6acbb1646321d5a81bd56413e4cf9323ff96dfbaa61d0905bcac7557e97167"
            ],
            "index": "pypi",
            "version": "==0.23.0"
        },
        "scipy": {
            "hashes": [
                "sha256:01c2015e132774feefe059d5354055fec6b751d7a7d70ad2cf5ce314e7426e2a",
                "sha256:0424d1bbbfa51d5ddaa16d067fd593863c9f2fb7c6840c32f8a08a8832f8e7a4",
                "sha256:10417935486b320d98536d732a58362e3d37e84add98c251e070c59a6bfe0863",
                "sha256:12005d30894e4fe7b247f7233ba0801a341f887b62e2eb99034dd6f2a8a33ad6",
                "sha256:16207622570af10f9e6a2cdc7da7a9660678852477adbcd056b6d1057a036fef",
                "sha256:45f0d6c0d6e55582d3b8f5c58ad4ca4259a02affb190f89f06c8cc02e21bba81",
                "sha256:5d1b9cf3771fd921f7213b4b886ab2606010343bb36259b544a816044576d69e",
                "sha256:693b3fe2e7736ce0dbc72b4d933798eb6ca8ce51b8b934e3f547cc06f48b2afb",
                "sha256:73b704c5eea9be811919cae4caacf3180dd9212d9aed08477c1d2ba14900a9de",
                "sha256:79dd7876614fc2869bf5d311ef33962d2066ea888bc66c80fd4fa80f8772e5a9",
                "sha256:7bad16b91918bf3288089a78a4157e04892ea6475fb7a1d9bcdf32c30c8a3dba",
                "sha256:8d541db2d441ef87afb60c4a2addb00c3af281633602a4967e733ef4b7050504",
                "sha256:8f2232c9d9119ec356240255a715a289b3a33be828c3e4abac11fd052ce15b1e",
                "sha256:97a1f1e51ea30782d7baa8d0c52f72c3f9f05cb609cf1b990664231c5102bccd",
                "sha256:adb6c438c6ef550e2bb83968e772b9690cb421f2c6073f9c2cb6af15ee538bc9",
                "sha256:bb687d245b6963673c639f318eea7e875d1ba147a67925586abed3d6f39bb7d8",
                "sha256:bd490f77f35800d5620f4d9af669e372d9a88db1f76ef219e1609cc4ecdd1a24",
                "sha256:c0dfd7d2429452e7e94904c6a3af63cbaa3cf51b348bd9d35b42db7e9ad42791",
                "sha256:d3a326673ac5afa9ef5613a61626b9ec15c8f7222b4ecd1ce0fd8fcba7b83c59",
                "sha256:e2004d2a3c397b26ca78e67c9d320153a1a9b71ae713ad33f4a3a3ab3d79cc65",
                "sha256:e2ac088ea4aa61115b96b47f5f3d94b3fa29554340b6629cd2bfe6b0521ee33b",
                "sha256:f7c3c578ff556333f3890c2df6c056955d53537bb176698359088108af73a58f",
                "sha256:fc58c3fcb8a724b703ffbc126afdca5a8353d4d5945d5c92db85617e165299e7"
            ],
            "markers": "python_version < '3.12' and python_version >= '3.8'",
            "version": "==1.9.0"
        },
        "shapely": {
            "hashes": [
                "sha256:11090bd5b5f11d54e1924a11198226971dab6f392c2e5a3c74514857f764b971",
                "sha256:1af407c58e7898a511ad01dc6e7c2099493071d939340553686b27513db6478e",
                "sha256:2154b9f25c5f13785cb05ce80b2c86e542bc69671193743f29c9f4c791c35db3",
                "sha256:234c5424d61d8b263d6d20045f5f32437819627ca57c1ea0c08368013b49824b",
                "sha256:29be7767a32df19e2186288cee63e539b386a35139524dc22eeceb244d0b092b",
                "sha256:2a2d37105c1d6d936f829de6c1c4ec8d43484d7b8bae8493bdd4267140dce650",
                "sha256:3793b09cbd86fe297193b365cbaf58b2f7d1ddeb273213185b2ddbab360e54ae",
                "sha256:4acbd566544c33bbc58c7dd264638ff3b91a57d9b162693c37520ea60d13668d",
                "sha256:50f96eb9993b6d841aac0addb84ea5f9da81c3fa97e1ec67c11964c8bb4fa0a5",
                "sha256:640e8a82b5f69ccd14e7520dd66d1247cf362096586e663ef9b8098cc0cb272b",
                "sha256:7554b1acd64a34d78189ab2f691bac967e0d9b38a4f345044552f9dcf3f92149",
                "sha256:7e9b01e89712fd988f931721fa36298e06a02eedf87fe7a7fd704d08f74c00f1",
                "sha256:9c62a9f7adceaa3110f2ec359c70dddd1640191609e91029e4d307e63fc8a5af",
                "sha256:a6c07b3b87455d107b0e4097889e9aba80a0812abf32a322a133af819b85d68a",
                "sha256:ae9a2da2b30c0b42029337854f78c71c28d285d254efd5f3be3700d997bfd18e",
                "sha256:b845a97f8366cc4aca197c3b04304cc301d9250518123155732da6a0e0575b49",
                "sha256:cc0fb1851b59473d2fa2f257f1e35740875af3f402c4575b4115028234e6f2eb",
                "sha256:e21a9fe1a416463ff11ae037766fe410526c95700b9e545372475d2361cc951e",
                "sha256:f7eb83fb36755edcbeb76fb367104efdf980307536c38ef610cb2e1a321defe0"
            ],
            "index": "pypi",
            "version": "==1.7.0"
        },
        "six": {
            "hashes": [
                "sha256:1e61c37477a1626458e36f7b1d82aa5c9b094fa4802892072e49de9c60c4c926",
                "sha256:8abb2f1d86890a2dfb989f9a77cfcfd3e47c2a354b01111771326f8aa26e0254"
            ],
            "markers": "python_version >= '2.7' and python_version not in '3.0, 3.1, 3.2, 3.3'",
            "version": "==1.16.0"
        },
        "threadpoolctl": {
            "hashes": [
                "sha256:8b99adda265feb6773280df41eece7b2e6561b772d21ffd52e372f999024907b",
                "sha256:a335baacfaa4400ae1f0d8e3a58d6674d2f8828e3716bb2802c44955ad391380"
            ],
            "markers": "python_version >= '3.6'",
            "version": "==3.1.0"
        }
    },
    "develop": {
        "arrow": {
            "hashes": [
                "sha256:05caf1fd3d9a11a1135b2b6f09887421153b94558e5ef4d090b567b47173ac2b",
                "sha256:d622c46ca681b5b3e3574fcb60a04e5cc81b9625112d5fb2b44220c36c892177"
            ],
            "markers": "python_version >= '3.6'",
            "version": "==1.2.2"
        },
        "attrs": {
            "hashes": [
                "sha256:29adc2665447e5191d0e7c568fde78b21f9672d344281d0c6e1ab085429b22b6",
                "sha256:86efa402f67bf2df34f51a335487cf46b1ec130d02b8d39fd248abfd30da551c"
            ],
            "markers": "python_version >= '3.5'",
            "version": "==22.1.0"
        },
        "cassiopeia": {
            "hashes": [
                "sha256:f1425f946437b0fee1c098185f15596f92075c2d5170e528706a6ff28d7bd0c0"
            ],
            "index": "pypi",
            "version": "==4.0.13"
        },
        "certifi": {
            "hashes": [
                "sha256:84c85a9078b11105f04f3036a9482ae10e4621616db313fe045dd24743a0820d",
                "sha256:fe86415d55e84719d75f8b69414f6438ac3547d2078ab91b67e779ef69378412"
            ],
            "markers": "python_version >= '3.6'",
            "version": "==2022.6.15"
        },
        "charset-normalizer": {
            "hashes": [
                "sha256:5a3d016c7c547f69d6f81fb0db9449ce888b418b5b9952cc5e6e66843e9dd845",
                "sha256:83e9a75d1911279afd89352c68b45348559d1fc0506b054b346651b5e7fee29f"
            ],
            "markers": "python_version >= '3.6'",
            "version": "==2.1.1"
        },
        "datapipelines": {
            "hashes": [
                "sha256:752bc71a1e03a45d723fc4d9b56c641ed0b872ed1df73b08896ee34d93c56e8f"
            ],
            "version": "==1.0.7"
        },
        "idna": {
            "hashes": [
                "sha256:84d9dd047ffa80596e0f246e2eab0b391788b0503584e8945f2368256d2735ff",
                "sha256:9d643ff0a55b762d5cdb124b8eaa99c66322e2157b69160bc32796e824360e6d"
            ],
            "markers": "python_version >= '3.5'",
            "version": "==3.3"
        },
        "merakicommons": {
            "hashes": [
                "sha256:3f280a933487c80e135331efa562544056bfa19a680b97295bf34c50f76ca385",
                "sha256:fc99ebe0cb85c4af0093a9454294adcb97c0792f8a8dd03898242ab2446aa77e"
            ],
            "version": "==1.0.10"
        },
        "more-itertools": {
            "hashes": [
                "sha256:1bc4f91ee5b1b31ac7ceacc17c09befe6a40a503907baf9c839c229b5095cfd2",
                "sha256:c09443cd3d5438b8dafccd867a6bc1cb0894389e90cb53d227456b0b0bccb750"
            ],
            "markers": "python_version >= '3.5'",
            "version": "==8.14.0"
        },
        "networkx": {
            "hashes": [
                "sha256:2a30822761f34d56b9a370d96a4bf4827a535f5591a4078a453425caeba0c5bb",
                "sha256:bd2b7730300860cbd2dafe8e5af89ff5c9a65c3975b352799d87a6238b4301a6"
            ],
            "markers": "python_version >= '3.8'",
            "version": "==2.8.6"
        },
        "packaging": {
            "hashes": [
                "sha256:dd47c42927d89ab911e606518907cc2d3a1f38bbd026385970643f9c5b8ecfeb",
                "sha256:ef103e05f519cdc783ae24ea4e2e0f508a9c99b2d4969652eed6a2e1ea5bd522"
            ],
            "markers": "python_version >= '3.6'",
            "version": "==21.3"
        },
        "pillow": {
            "hashes": [
                "sha256:0030fdbd926fb85844b8b92e2f9449ba89607231d3dd597a21ae72dc7fe26927",
                "sha256:030e3460861488e249731c3e7ab59b07c7853838ff3b8e16aac9561bb345da14",
                "sha256:0ed2c4ef2451de908c90436d6e8092e13a43992f1860275b4d8082667fbb2ffc",
                "sha256:136659638f61a251e8ed3b331fc6ccd124590eeff539de57c5f80ef3a9594e58",
                "sha256:13b725463f32df1bfeacbf3dd197fb358ae8ebcd8c5548faa75126ea425ccb60",
                "sha256:1536ad017a9f789430fb6b8be8bf99d2f214c76502becc196c6f2d9a75b01b76",
                "sha256:15928f824870535c85dbf949c09d6ae7d3d6ac2d6efec80f3227f73eefba741c",
                "sha256:17d4cafe22f050b46d983b71c707162d63d796a1235cdf8b9d7a112e97b15bac",
                "sha256:1802f34298f5ba11d55e5bb09c31997dc0c6aed919658dfdf0198a2fe75d5490",
                "sha256:1cc1d2451e8a3b4bfdb9caf745b58e6c7a77d2e469159b0d527a4554d73694d1",
                "sha256:1fd6f5e3c0e4697fa7eb45b6e93996299f3feee73a3175fa451f49a74d092b9f",
                "sha256:254164c57bab4b459f14c64e93df11eff5ded575192c294a0c49270f22c5d93d",
                "sha256:2ad0d4df0f5ef2247e27fc790d5c9b5a0af8ade9ba340db4a73bb1a4a3e5fb4f",
                "sha256:2c58b24e3a63efd22554c676d81b0e57f80e0a7d3a5874a7e14ce90ec40d3069",
                "sha256:2d33a11f601213dcd5718109c09a52c2a1c893e7461f0be2d6febc2879ec2402",
                "sha256:337a74fd2f291c607d220c793a8135273c4c2ab001b03e601c36766005f36885",
                "sha256:37ff6b522a26d0538b753f0b4e8e164fdada12db6c6f00f62145d732d8a3152e",
                "sha256:3d1f14f5f691f55e1b47f824ca4fdcb4b19b4323fe43cc7bb105988cad7496be",
                "sha256:408673ed75594933714482501fe97e055a42996087eeca7e5d06e33218d05aa8",
                "sha256:4134d3f1ba5f15027ff5c04296f13328fecd46921424084516bdb1b2548e66ff",
                "sha256:4ad2f835e0ad81d1689f1b7e3fbac7b01bb8777d5a985c8962bedee0cc6d43da",
                "sha256:50dff9cc21826d2977ef2d2a205504034e3a4563ca6f5db739b0d1026658e004",
                "sha256:510cef4a3f401c246cfd8227b300828715dd055463cdca6176c2e4036df8bd4f",
                "sha256:5aed7dde98403cd91d86a1115c78d8145c83078e864c1de1064f52e6feb61b20",
                "sha256:69bd1a15d7ba3694631e00df8de65a8cb031911ca11f44929c97fe05eb9b6c1d",
                "sha256:6bf088c1ce160f50ea40764f825ec9b72ed9da25346216b91361eef8ad1b8f8c",
                "sha256:6e8c66f70fb539301e064f6478d7453e820d8a2c631da948a23384865cd95544",
                "sha256:727dd1389bc5cb9827cbd1f9d40d2c2a1a0c9b32dd2261db522d22a604a6eec9",
                "sha256:74a04183e6e64930b667d321524e3c5361094bb4af9083db5c301db64cd341f3",
                "sha256:75e636fd3e0fb872693f23ccb8a5ff2cd578801251f3a4f6854c6a5d437d3c04",
                "sha256:7761afe0126d046974a01e030ae7529ed0ca6a196de3ec6937c11df0df1bc91c",
                "sha256:7888310f6214f19ab2b6df90f3f06afa3df7ef7355fc025e78a3044737fab1f5",
                "sha256:7b0554af24df2bf96618dac71ddada02420f946be943b181108cac55a7a2dcd4",
                "sha256:7c7b502bc34f6e32ba022b4a209638f9e097d7a9098104ae420eb8186217ebbb",
                "sha256:808add66ea764ed97d44dda1ac4f2cfec4c1867d9efb16a33d158be79f32b8a4",
                "sha256:831e648102c82f152e14c1a0938689dbb22480c548c8d4b8b248b3e50967b88c",
                "sha256:93689632949aff41199090eff5474f3990b6823404e45d66a5d44304e9cdc467",
                "sha256:96b5e6874431df16aee0c1ba237574cb6dff1dcb173798faa6a9d8b399a05d0e",
                "sha256:9a54614049a18a2d6fe156e68e188da02a046a4a93cf24f373bffd977e943421",
                "sha256:a138441e95562b3c078746a22f8fca8ff1c22c014f856278bdbdd89ca36cff1b",
                "sha256:a647c0d4478b995c5e54615a2e5360ccedd2f85e70ab57fbe817ca613d5e63b8",
                "sha256:a9c9bc489f8ab30906d7a85afac4b4944a572a7432e00698a7239f44a44e6efb",
                "sha256:ad2277b185ebce47a63f4dc6302e30f05762b688f8dc3de55dbae4651872cdf3",
                "sha256:b6d5e92df2b77665e07ddb2e4dbd6d644b78e4c0d2e9272a852627cdba0d75cf",
                "sha256:bc431b065722a5ad1dfb4df354fb9333b7a582a5ee39a90e6ffff688d72f27a1",
                "sha256:bdd0de2d64688ecae88dd8935012c4a72681e5df632af903a1dca8c5e7aa871a",
                "sha256:c79698d4cd9318d9481d89a77e2d3fcaeff5486be641e60a4b49f3d2ecca4e28",
                "sha256:cb6259196a589123d755380b65127ddc60f4c64b21fc3bb46ce3a6ea663659b0",
                "sha256:d5b87da55a08acb586bad5c3aa3b86505f559b84f39035b233d5bf844b0834b1",
                "sha256:dcd7b9c7139dc8258d164b55696ecd16c04607f1cc33ba7af86613881ffe4ac8",
                "sha256:dfe4c1fedfde4e2fbc009d5ad420647f7730d719786388b7de0999bf32c0d9fd",
                "sha256:ea98f633d45f7e815db648fd7ff0f19e328302ac36427343e4432c84432e7ff4",
                "sha256:ec52c351b35ca269cb1f8069d610fc45c5bd38c3e91f9ab4cbbf0aebc136d9c8",
                "sha256:eef7592281f7c174d3d6cbfbb7ee5984a671fcd77e3fc78e973d492e9bf0eb3f",
                "sha256:f07f1f00e22b231dd3d9b9208692042e29792d6bd4f6639415d2f23158a80013",
                "sha256:f3fac744f9b540148fa7715a435d2283b71f68bfb6d4aae24482a890aed18b59",
                "sha256:fa768eff5f9f958270b081bb33581b4b569faabf8774726b283edb06617101dc",
                "sha256:fac2d65901fb0fdf20363fbd345c01958a742f2dc62a8dd4495af66e3ff502a4"
            ],
            "markers": "python_version >= '3.7'",
            "version": "==9.2.0"
        },
        "pluggy": {
            "hashes": [
                "sha256:15b2acde666561e1298d71b523007ed7364de07029219b604cf808bfa1c765b0",
                "sha256:966c145cd83c96502c3c3868f50408687b38434af77734af1e9ca461a4081d2d"
            ],
            "markers": "python_version >= '2.7' and python_version not in '3.0, 3.1, 3.2, 3.3'",
            "version": "==0.13.1"
        },
        "py": {
            "hashes": [
                "sha256:51c75c4126074b472f746a24399ad32f6053d1b34b68d2fa41e558e6f4a98719",
                "sha256:607c53218732647dff4acdfcd50cb62615cedf612e72d1724fb1a0cc6405b378"
            ],
            "markers": "python_version >= '2.7' and python_version not in '3.0, 3.1, 3.2, 3.3, 3.4'",
            "version": "==1.11.0"
        },
        "pyparsing": {
            "hashes": [
                "sha256:2b020ecf7d21b687f219b71ecad3631f644a47f01403fa1d1036b0c6416d70fb",
                "sha256:5026bae9a10eeaefb61dab2f09052b9f4307d44aee4eda64b309723d8d206bbc"
            ],
            "markers": "python_full_version >= '3.6.8'",
            "version": "==3.0.9"
        },
        "pytest": {
            "hashes": [
                "sha256:5c0db86b698e8f170ba4582a492248919255fcd4c79b1ee64ace34301fb589a1",
                "sha256:7979331bfcba207414f5e1263b5a0f8f521d0f457318836a7355531ed1a4c7d8"
            ],
            "index": "pypi",
            "version": "==5.4.3"
        },
        "python-dateutil": {
            "hashes": [
                "sha256:0123cacc1627ae19ddf3c27a5de5bd67ee4586fbdd6440d9748f8abb483d3e86",
                "sha256:961d03dc3453ebbc59dbdea9e4e11c5651520a876d0f4db161e8674aae935da9"
            ],
            "markers": "python_version >= '2.7' and python_version not in '3.0, 3.1, 3.2, 3.3'",
            "version": "==2.8.2"
        },
        "requests": {
            "hashes": [
                "sha256:7c5599b102feddaa661c826c56ab4fee28bfd17f5abca1ebbe3e7f19d7c97983",
                "sha256:8fefa2a1a1365bf5520aac41836fbee479da67864514bdb821f31ce07ce65349"
            ],
            "markers": "python_version >= '3.7' and python_version < '4'",
            "version": "==2.28.1"
        },
        "six": {
            "hashes": [
                "sha256:1e61c37477a1626458e36f7b1d82aa5c9b094fa4802892072e49de9c60c4c926",
                "sha256:8abb2f1d86890a2dfb989f9a77cfcfd3e47c2a354b01111771326f8aa26e0254"
            ],
            "markers": "python_version >= '2.7' and python_version not in '3.0, 3.1, 3.2, 3.3'",
            "version": "==1.16.0"
        },
        "urllib3": {
            "hashes": [
                "sha256:3fa96cf423e6987997fc326ae8df396db2a8b7c667747d47ddd8ecba91f4a74e",
                "sha256:b930dd878d5a8afb066a637fbb35144fe7901e3b209d1cd4f524bd0e9deee997"
            ],
            "markers": "python_version >= '2.7' and python_version not in '3.0, 3.1, 3.2, 3.3, 3.4, 3.5' and python_version < '4'",
            "version": "==1.26.12"
        },
        "wcwidth": {
            "hashes": [
                "sha256:beb4802a9cebb9144e99086eff703a642a13d6a0052920003a230f3294bbe784",
                "sha256:c4d647b99872929fdb7bdcaa4fbe7f01413ed3d98077df798530e5b04f116c83"
            ],
            "version": "==0.2.5"
        }
    }
}
